{
  "name": "multimath",
  "version": "1.0.0",
  "lockfileVersion": 2,
  "requires": true,
  "packages": {
    "": {
      "name": "multimath",
      "version": "1.0.0",
      "license": "MIT",
      "dependencies": {
        "bootswatch": "^5.2.3"
      }
    },
    "node_modules/bootswatch": {
      "version": "5.2.3",
      "resolved": "https://registry.npmjs.org/bootswatch/-/bootswatch-5.2.3.tgz",
      "integrity": "sha512-tvnW15WoOY2sEp1uT1ITDQiJy2TekQa+K+Q28WDXibleIxsY0nAoC9IylbnUPD7Q5vkCIclOuBHLVBblJYYPSA=="
    }
  },
  "dependencies": {
    "bootswatch": {
      "version": "5.2.3",
      "resolved": "https://registry.npmjs.org/bootswatch/-/bootswatch-5.2.3.tgz",
      "integrity": "sha512-tvnW15WoOY2sEp1uT1ITDQiJy2TekQa+K+Q28WDXibleIxsY0nAoC9IylbnUPD7Q5vkCIclOuBHLVBblJYYPSA=="
    }
  }
}
